Microsoft Visual Studio Solution File, Format Version 12.00
# Visual Studio Version 17
VisualStudioVersion = 17.5.2.0
MinimumVisualStudioVersion = 10.0.40219.1
Project("{FAE04EC0-301F-11D3-BF4B-00C04F79EFBC}") = "SphoneApp", "SphoneApp\SphoneApp.csproj", "{9762C859-B19D-6B21-6A24-013F7F1CD2AF}"
EndProject
Global
	GlobalSection(SolutionConfigurationPlatforms) = preSolution
		Debug|Any CPU = Debug|Any CPU
		Release|Any CPU = Release|Any CPU
	EndGlobalSection
	GlobalSection(ProjectConfigurationPlatforms) = postSolution
		{9762C859-B19D-6B21-6A24-013F7F1CD2AF}.Debug|Any CPU.ActiveCfg = Debug|Any CPU
		{9762C859-B19D-6B21-6A24-013F7F1CD2AF}.Debug|Any CPU.Build.0 = Debug|Any CPU
		{9762C859-B19D-6B21-6A24-013F7F1CD2AF}.Release|Any CPU.ActiveCfg = Release|Any CPU
		{9762C859-B19D-6B21-6A24-013F7F1CD2AF}.Release|Any CPU.Build.0 = Release|Any CPU
	EndGlobalSection
	GlobalSection(SolutionProperties) = preSolution
		HideSolutionNode = FALSE
	EndGlobalSection
	GlobalSection(ExtensibilityGlobals) = postSolution
		SolutionGuid = {E66A9736-3ECB-4372-91C8-754D04B48BDA}
	EndGlobalSection
EndGlobal
